// !$*UTF8*$!
{
	archiveVersion = 1;
	classes = {
	};
	objectVersion = 56;
	objects = {

/* Begin PBXBuildFile section */
		045E849C2B9F0F2E0050A10A /* AppDelegate.swift in Sources */ = {isa = PBXBuildFile; fileRef = 045E849B2B9F0F2E0050A10A /* AppDelegate.swift */; };
		045E849E2B9F0F2E0050A10A /* SceneDelegate.swift in Sources */ = {isa = PBXBuildFile; fileRef = 045E849D2B9F0F2E0050A10A /* SceneDelegate.swift */; };
		045E84A02B9F0F2E0050A10A /* HomeViewController.swift in Sources */ = {isa = PBXBuildFile; fileRef = 045E849F2B9F0F2E0050A10A /* HomeViewController.swift */; };
		045E84A32B9F0F2E0050A10A /* Main.storyboard in Resources */ = {isa = PBXBuildFile; fileRef = 045E84A12B9F0F2E0050A10A /* Main.storyboard */; };
		045E84A52B9F0F350050A10A /* Assets.xcassets in Resources */ = {isa = PBXBuildFile; fileRef = 045E84A42B9F0F350050A10A /* Assets.xcassets */; };
		045E84A82B9F0F350050A10A /* LaunchScreen.storyboard in Resources */ = {isa = PBXBuildFile; fileRef = 045E84A62B9F0F350050A10A /* LaunchScreen.storyboard */; };
		045E84B32B9F0F350050A10A /* WeatherAppTests.swift in Sources */ = {isa = PBXBuildFile; fileRef = 045E84B22B9F0F350050A10A /* WeatherAppTests.swift */; };
		045E84CD2B9F188F0050A10A /* FavoritesViewController.swift in Sources */ = {isa = PBXBuildFile; fileRef = 045E84CC2B9F188F0050A10A /* FavoritesViewController.swift */; };
		045E84D02B9F191B0050A10A /* UIViewController+StoryboardIdentifier.swift in Sources */ = {isa = PBXBuildFile; fileRef = 045E84CF2B9F191B0050A10A /* UIViewController+StoryboardIdentifier.swift */; };
		045E84D22B9F19510050A10A /* UIStoryboard+Main.swift in Sources */ = {isa = PBXBuildFile; fileRef = 045E84D12B9F19510050A10A /* UIStoryboard+Main.swift */; };
/* End PBXBuildFile section */

/* Begin PBXContainerItemProxy section */
		045E84AF2B9F0F350050A10A /* PBXContainerItemProxy */ = {
			isa = PBXContainerItemProxy;
			containerPortal = 045E84902B9F0F2E0050A10A /* Project object */;
			proxyType = 1;
			remoteGlobalIDString = 045E84972B9F0F2E0050A10A;
			remoteInfo = WeatherApp;
		};
/* End PBXContainerItemProxy section */

/* Begin PBXFileReference section */
		045E84982B9F0F2E0050A10A /* WeatherApp.app */ = {isa = PBXFileReference; explicitFileType = wrapper.application; includeInIndex = 0; path = WeatherApp.app; sourceTree = BUILT_PRODUCTS_DIR; };
		045E849B2B9F0F2E0050A10A /* AppDelegate.swift */ = {isa = PBXFileReference; lastKnownFileType = sourcecode.swift; path = AppDelegate.swift; sourceTree = "<group>"; };
		045E849D2B9F0F2E0050A10A /* SceneDelegate.swift */ = {isa = PBXFileReference; lastKnownFileType = sourcecode.swift; path = SceneDelegate.swift; sourceTree = "<group>"; };
		045E849F2B9F0F2E0050A10A /* HomeViewController.swift */ = {isa = PBXFileReference; lastKnownFileType = sourcecode.swift; path = HomeViewController.swift; sourceTree = "<group>"; };
		045E84A22B9F0F2E0050A10A /* Base */ = {isa = PBXFileReference; lastKnownFileType = file.storyboard; name = Base; path = Base.lproj/Main.storyboard; sourceTree = "<group>"; };
		045E84A42B9F0F350050A10A /* Assets.xcassets */ = {isa = PBXFileReference; lastKnownFileType = folder.assetcatalog; path = Assets.xcassets; sourceTree = "<group>"; };
		045E84A72B9F0F350050A10A /* Base */ = {isa = PBXFileReference; lastKnownFileType = file.storyboard; name = Base; path = Base.lproj/LaunchScreen.storyboard; sourceTree = "<group>"; };
		045E84A92B9F0F350050A10A /* Info.plist */ = {isa = PBXFileReference; lastKnownFileType = text.plist.xml; path = Info.plist; sourceTree = "<group>"; };
		045E84AE2B9F0F350050A10A /* WeatherAppTests.xctest */ = {isa = PBXFileReference; explicitFileType = wrapper.cfbundle; includeInIndex = 0; path = WeatherAppTests.xctest; sourceTree = BUILT_PRODUCTS_DIR; };
		045E84B22B9F0F350050A10A /* WeatherAppTests.swift */ = {isa = PBXFileReference; lastKnownFileType = sourcecode.swift; path = WeatherAppTests.swift; sourceTree = "<group>"; };
		045E84CC2B9F188F0050A10A /* FavoritesViewController.swift */ = {isa = PBXFileReference; lastKnownFileType = sourcecode.swift; path = FavoritesViewController.swift; sourceTree = "<group>"; };
		045E84CF2B9F191B0050A10A /* UIViewController+StoryboardIdentifier.swift */ = {isa = PBXFileReference; lastKnownFileType = sourcecode.swift; path = "UIViewController+StoryboardIdentifier.swift"; sourceTree = "<group>"; };
		045E84D12B9F19510050A10A /* UIStoryboard+Main.swift */ = {isa = PBXFileReference; lastKnownFileType = sourcecode.swift; path = "UIStoryboard+Main.swift"; sourceTree = "<group>"; };
/* End PBXFileReference section */

/* Begin PBXFrameworksBuildPhase section */
		045E84952B9F0F2E0050A10A /* Frameworks */ = {
			isa = PBXFrameworksBuildPhase;
			buildActionMask = 2147483647;
			files = (
			);
			runOnlyForDeploymentPostprocessing = 0;
		};
		045E84AB2B9F0F350050A10A /* Frameworks */ = {
			isa = PBXFrameworksBuildPhase;
			buildActionMask = 2147483647;
			files = (
			);
			runOnlyForDeploymentPostprocessing = 0;
		};
/* End PBXFrameworksBuildPhase section */

/* Begin PBXGroup section */
		045E848F2B9F0F2E0050A10A = {
			isa = PBXGroup;
			children = (
				045E849A2B9F0F2E0050A10A /* WeatherApp */,
				045E84B12B9F0F350050A10A /* WeatherAppTests */,
				045E84992B9F0F2E0050A10A /* Products */,
			);
			sourceTree = "<group>";
		};
		045E84992B9F0F2E0050A10A /* Products */ = {
			isa = PBXGroup;
			children = (
				045E84982B9F0F2E0050A10A /* WeatherApp.app */,
				045E84AE2B9F0F350050A10A /* WeatherAppTests.xctest */,
			);
			name = Products;
			sourceTree = "<group>";
		};
		045E849A2B9F0F2E0050A10A /* WeatherApp */ = {
			isa = PBXGroup;
			children = (
				045E84CE2B9F18C60050A10A /* UIKit Extensions */,
				045E849B2B9F0F2E0050A10A /* AppDelegate.swift */,
				045E849D2B9F0F2E0050A10A /* SceneDelegate.swift */,
				045E84D32B9F19F10050A10A /* Screens */,
				045E84A12B9F0F2E0050A10A /* Main.storyboard */,
				045E84A42B9F0F350050A10A /* Assets.xcassets */,
				045E84A62B9F0F350050A10A /* LaunchScreen.storyboard */,
				045E84A92B9F0F350050A10A /* Info.plist */,
			);
			path = WeatherApp;
			sourceTree = "<group>";
		};
		045E84B12B9F0F350050A10A /* WeatherAppTests */ = {
			isa = PBXGroup;
			children = (
				045E84B22B9F0F350050A10A /* WeatherAppTests.swift */,
			);
			path = WeatherAppTests;
			sourceTree = "<group>";
		};
		045E84CE2B9F18C60050A10A /* UIKit Extensions */ = {
			isa = PBXGroup;
			children = (
				045E84CF2B9F191B0050A10A /* UIViewController+StoryboardIdentifier.swift */,
				045E84D12B9F19510050A10A /* UIStoryboard+Main.swift */,
			);
			path = "UIKit Extensions";
			sourceTree = "<group>";
		};
		045E84D32B9F19F10050A10A /* Screens */ = {
			isa = PBXGroup;
			children = (
				045E84D42B9F1A080050A10A /* Home */,
				045E84D52B9F1A100050A10A /* Favorites */,
			);
			path = Screens;
			sourceTree = "<group>";
		};
		045E84D42B9F1A080050A10A /* Home */ = {
			isa = PBXGroup;
			children = (
				045E849F2B9F0F2E0050A10A /* HomeViewController.swift */,
			);
			path = Home;
			sourceTree = "<group>";
		};
		045E84D52B9F1A100050A10A /* Favorites */ = {
			isa = PBXGroup;
			children = (
				045E84CC2B9F188F0050A10A /* FavoritesViewController.swift */,
			);
			path = Favorites;
			sourceTree = "<group>";
		};
/* End PBXGroup section */

/* Begin PBXNativeTarget section */
		045E84972B9F0F2E0050A10A /* WeatherApp */ = {
			isa = PBXNativeTarget;
			buildConfigurationList = 045E84C22B9F0F350050A10A /* Build configuration list for PBXNativeTarget "WeatherApp" */;
			buildPhases = (
				045E84942B9F0F2E0050A10A /* Sources */,
				045E84952B9F0F2E0050A10A /* Frameworks */,
				045E84962B9F0F2E0050A10A /* Resources */,
			);
			buildRules = (
			);
			dependencies = (
			);
			name = WeatherApp;
			productName = WeatherApp;
			productReference = 045E84982B9F0F2E0050A10A /* WeatherApp.app */;
			productType = "com.apple.product-type.application";
		};
		045E84AD2B9F0F350050A10A /* WeatherAppTests */ = {
			isa = PBXNativeTarget;
			buildConfigurationList = 045E84C52B9F0F350050A10A /* Build configuration list for PBXNativeTarget "WeatherAppTests" */;
			buildPhases = (
				045E84AA2B9F0F350050A10A /* Sources */,
				045E84AB2B9F0F350050A10A /* Frameworks */,
				045E84AC2B9F0F350050A10A /* Resources */,
			);
			buildRules = (
			);
			dependencies = (
				045E84B02B9F0F350050A10A /* PBXTargetDependency */,
			);
			name = WeatherAppTests;
			productName = WeatherAppTests;
			productReference = 045E84AE2B9F0F350050A10A /* WeatherAppTests.xctest */;
			productType = "com.apple.product-type.bundle.unit-test";
		};
/* End PBXNativeTarget section */

/* Begin PBXProject section */
		045E84902B9F0F2E0050A10A /* Project object */ = {
			isa = PBXProject;
			attributes = {
				BuildIndependentTargetsInParallel = 1;
				LastSwiftUpdateCheck = 1510;
				LastUpgradeCheck = 1510;
				TargetAttributes = {
					045E84972B9F0F2E0050A10A = {
						CreatedOnToolsVersion = 15.1;
					};
					045E84AD2B9F0F350050A10A = {
						CreatedOnToolsVersion = 15.1;
						TestTargetID = 045E84972B9F0F2E0050A10A;
					};
				};
			};
			buildConfigurationList = 045E84932B9F0F2E0050A10A /* Build configuration list for PBXProject "WeatherApp" */;
			compatibilityVersion = "Xcode 14.0";
			developmentRegion = en;
			hasScannedForEncodings = 0;
			knownRegions = (
				en,
				Base,
			);
			mainGroup = 045E848F2B9F0F2E0050A10A;
			productRefGroup = 045E84992B9F0F2E0050A10A /* Products */;
			projectDirPath = "";
			projectRoot = "";
			targets = (
				045E84972B9F0F2E0050A10A /* WeatherApp */,
				045E84AD2B9F0F350050A10A /* WeatherAppTests */,
			);
		};
/* End PBXProject section */

/* Begin PBXResourcesBuildPhase section */
		045E84962B9F0F2E0050A10A /* Resources */ = {
			isa = PBXResourcesBuildPhase;
			buildActionMask = 2147483647;
			files = (
				045E84A82B9F0F350050A10A /* LaunchScreen.storyboard in Resources */,
				045E84A52B9F0F350050A10A /* Assets.xcassets in Resources */,
				045E84A32B9F0F2E0050A10A /* Main.storyboard in Resources */,
			);
			runOnlyForDeploymentPostprocessing = 0;
		};
		045E84AC2B9F0F350050A10A /* Resources */ = {
			isa = PBXResourcesBuildPhase;
			buildActionMask = 2147483647;
			files = (
			);
			runOnlyForDeploymentPostprocessing = 0;
		};
/* End PBXResourcesBuildPhase section */

/* Begin PBXSourcesBuildPhase section */
		045E84942B9F0F2E0050A10A /* Sources */ = {
			isa = PBXSourcesBuildPhase;
			buildActionMask = 2147483647;
			files = (
				045E84A02B9F0F2E0050A10A /* HomeViewController.swift in Sources */,
				045E849C2B9F0F2E0050A10A /* AppDelegate.swift in Sources */,
				045E84CD2B9F188F0050A10A /* FavoritesViewController.swift in Sources */,
				045E849E2B9F0F2E0050A10A /* SceneDelegate.swift in Sources */,
				045E84D02B9F191B0050A10A /* UIViewController+StoryboardIdentifier.swift in Sources */,
				045E84D22B9F19510050A10A /* UIStoryboard+Main.swift in Sources */,
			);
			runOnlyForDeploymentPostprocessing = 0;
		};
		045E84AA2B9F0F350050A10A /* Sources */ = {
			isa = PBXSourcesBuildPhase;
			buildActionMask = 2147483647;
			files = (
				045E84B32B9F0F350050A10A /* WeatherAppTests.swift in Sources */,
			);
			runOnlyForDeploymentPostprocessing = 0;
		};
/* End PBXSourcesBuildPhase section */

/* Begin PBXTargetDependency section */
		045E84B02B9F0F350050A10A /* PBXTargetDependency */ = {
			isa = PBXTargetDependency;
			target = 045E84972B9F0F2E0050A10A /* WeatherApp */;
			targetProxy = 045E84AF2B9F0F350050A10A /* PBXContainerItemProxy */;
		};
/* End PBXTargetDependency section */

/* Begin PBXVariantGroup section */
		045E84A12B9F0F2E0050A10A /* Main.storyboard */ = {
			isa = PBXVariantGroup;
			children = (
				045E84A22B9F0F2E0050A10A /* Base */,
			);
			name = Main.storyboard;
			sourceTree = "<group>";
		};
		045E84A62B9F0F350050A10A /* LaunchScreen.storyboard */ = {
			isa = PBXVariantGroup;
			children = (
				045E84A72B9F0F350050A10A /* Base */,
			);
			name = LaunchScreen.storyboard;
			sourceTree = "<group>";
		};
/* End PBXVariantGroup section */

/* Begin XCBuildConfiguration section */
		045E84C02B9F0F350050A10A /* Debug */ = {
			isa = XCBuildConfiguration;
			buildSettings = {
				ALWAYS_SEARCH_USER_PATHS = NO;
				ASSETCATALOG_COMPILER_GENERATE_SWIFT_ASSET_SYMBOL_EXTENSIONS = YES;
				CLANG_ANALYZER_NONNULL = YES;
				CLANG_ANALYZER_NUMBER_OBJECT_CONVERSION = YES_AGGRESSIVE;
				CLANG_CXX_LANGUAGE_STANDARD = "gnu++20";
				CLANG_ENABLE_MODULES = YES;
				CLANG_ENABLE_OBJC_ARC = YES;
				CLANG_ENABLE_OBJC_WEAK = YES;
				CLANG_WARN_BLOCK_CAPTURE_AUTORELEASING = YES;
				CLANG_WARN_BOOL_CONVERSION = YES;
				CLANG_WARN_COMMA = YES;
				CLANG_WARN_CONSTANT_CONVERSION = YES;
				CLANG_WARN_DEPRECATED_OBJC_IMPLEMENTATIONS = YES;
				CLANG_WARN_DIRECT_OBJC_ISA_USAGE = YES_ERROR;
				CLANG_WARN_DOCUMENTATION_COMMENTS = YES;
				CLANG_WARN_EMPTY_BODY = YES;
				CLANG_WARN_ENUM_CONVERSION = YES;
				CLANG_WARN_INFINITE_RECURSION = YES;
				CLANG_WARN_INT_CONVERSION = YES;
				CLANG_WARN_NON_LITERAL_NULL_CONVERSION = YES;
				CLANG_WARN_OBJC_IMPLICIT_RETAIN_SELF = YES;
				CLANG_WARN_OBJC_LITERAL_CONVERSION = YES;
				CLANG_WARN_OBJC_ROOT_CLASS = YES_ERROR;
				CLANG_WARN_QUOTED_INCLUDE_IN_FRAMEWORK_HEADER = YES;
				CLANG_WARN_RANGE_LOOP_ANALYSIS = YES;
				CLANG_WARN_STRICT_PROTOTYPES = YES;
				CLANG_WARN_SUSPICIOUS_MOVE = YES;
				CLANG_WARN_UNGUARDED_AVAILABILITY = YES_AGGRESSIVE;
				CLANG_WARN_UNREACHABLE_CODE = YES;
				CLANG_WARN__DUPLICATE_METHOD_MATCH = YES;
				COPY_PHASE_STRIP = NO;
				DEBUG_INFORMATION_FORMAT = dwarf;
				ENABLE_STRICT_OBJC_MSGSEND = YES;
				ENABLE_TESTABILITY = YES;
				ENABLE_USER_SCRIPT_SANDBOXING = YES;
				GCC_C_LANGUAGE_STANDARD = gnu17;
				GCC_DYNAMIC_NO_PIC = NO;
				GCC_NO_COMMON_BLOCKS = YES;
				GCC_OPTIMIZATION_LEVEL = 0;
				GCC_PREPROCESSOR_DEFINITIONS = (
					"DEBUG=1",
					"$(inherited)",
				);
				GCC_WARN_64_TO_32_BIT_CONVERSION = YES;
				GCC_WARN_ABOUT_RETURN_TYPE = YES_ERROR;
				GCC_WARN_UNDECLARED_SELECTOR = YES;
				GCC_WARN_UNINITIALIZED_AUTOS = YES_AGGRESSIVE;
				GCC_WARN_UNUSED_FUNCTION = YES;
				GCC_WARN_UNUSED_VARIABLE = YES;
				IPHONEOS_DEPLOYMENT_TARGET = 17.2;
				LOCALIZATION_PREFERS_STRING_CATALOGS = YES;
				MTL_ENABLE_DEBUG_INFO = INCLUDE_SOURCE;
				MTL_FAST_MATH = YES;
				ONLY_ACTIVE_ARCH = YES;
				SDKROOT = iphoneos;
				SWIFT_ACTIVE_COMPILATION_CONDITIONS = "DEBUG $(inherited)";
				SWIFT_OPTIMIZATION_LEVEL = "-Onone";
			};
			name = Debug;
		};
		045E84C12B9F0F350050A10A /* Release */ = {
			isa = XCBuildConfiguration;
			buildSettings = {
				ALWAYS_SEARCH_USER_PATHS = NO;
				ASSETCATALOG_COMPILER_GENERATE_SWIFT_ASSET_SYMBOL_EXTENSIONS = YES;
				CLANG_ANALYZER_NONNULL = YES;
				CLANG_ANALYZER_NUMBER_OBJECT_CONVERSION = YES_AGGRESSIVE;
				CLANG_CXX_LANGUAGE_STANDARD = "gnu++20";
				CLANG_ENABLE_MODULES = YES;
				CLANG_ENABLE_OBJC_ARC = YES;
				CLANG_ENABLE_OBJC_WEAK = YES;
				CLANG_WARN_BLOCK_CAPTURE_AUTORELEASING = YES;
				CLANG_WARN_BOOL_CONVERSION = YES;
				CLANG_WARN_COMMA = YES;
				CLANG_WARN_CONSTANT_CONVERSION = YES;
				CLANG_WARN_DEPRECATED_OBJC_IMPLEMENTATIONS = YES;
				CLANG_WARN_DIRECT_OBJC_ISA_USAGE = YES_ERROR;
				CLANG_WARN_DOCUMENTATION_COMMENTS = YES;
				CLANG_WARN_EMPTY_BODY = YES;
				CLANG_WARN_ENUM_CONVERSION = YES;
				CLANG_WARN_INFINITE_RECURSION = YES;
				CLANG_WARN_INT_CONVERSION = YES;
				CLANG_WARN_NON_LITERAL_NULL_CONVERSION = YES;
				CLANG_WARN_OBJC_IMPLICIT_RETAIN_SELF = YES;
				CLANG_WARN_OBJC_LITERAL_CONVERSION = YES;
				CLANG_WARN_OBJC_ROOT_CLASS = YES_ERROR;
				CLANG_WARN_QUOTED_INCLUDE_IN_FRAMEWORK_HEADER = YES;
				CLANG_WARN_RANGE_LOOP_ANALYSIS = YES;
				CLANG_WARN_STRICT_PROTOTYPES = YES;
				CLANG_WARN_SUSPICIOUS_MOVE = YES;
				CLANG_WARN_UNGUARDED_AVAILABILITY = YES_AGGRESSIVE;
				CLANG_WARN_UNREACHABLE_CODE = YES;
				CLANG_WARN__DUPLICATE_METHOD_MATCH = YES;
				COPY_PHASE_STRIP = NO;
				DEBUG_INFORMATION_FORMAT = "dwarf-with-dsym";
				ENABLE_NS_ASSERTIONS = NO;
				ENABLE_STRICT_OBJC_MSGSEND = YES;
				ENABLE_USER_SCRIPT_SANDBOXING = YES;
				GCC_C_LANGUAGE_STANDARD = gnu17;
				GCC_NO_COMMON_BLOCKS = YES;
				GCC_WARN_64_TO_32_BIT_CONVERSION = YES;
				GCC_WARN_ABOUT_RETURN_TYPE = YES_ERROR;
				GCC_WARN_UNDECLARED_SELECTOR = YES;
				GCC_WARN_UNINITIALIZED_AUTOS = YES_AGGRESSIVE;
				GCC_WARN_UNUSED_FUNCTION = YES;
				GCC_WARN_UNUSED_VARIABLE = YES;
				IPHONEOS_DEPLOYMENT_TARGET = 17.2;
				LOCALIZATION_PREFERS_STRING_CATALOGS = YES;
				MTL_ENABLE_DEBUG_INFO = NO;
				MTL_FAST_MATH = YES;
				SDKROOT = iphoneos;
				SWIFT_COMPILATION_MODE = wholemodule;
				VALIDATE_PRODUCT = YES;
			};
			name = Release;
		};
		045E84C32B9F0F350050A10A /* Debug */ = {
			isa = XCBuildConfiguration;
			buildSettings = {
				ASSETCATALOG_COMPILER_APPICON_NAME = AppIcon;
				ASSETCATALOG_COMPILER_GLOBAL_ACCENT_COLOR_NAME = AccentColor;
				CODE_SIGN_STYLE = Automatic;
				CURRENT_PROJECT_VERSION = 1;
				DEVELOPMENT_TEAM = 6ZPB2R3KP8;
				GENERATE_INFOPLIST_FILE = YES;
				INFOPLIST_FILE = WeatherApp/Info.plist;
				INFOPLIST_KEY_UIApplicationSupportsIndirectInputEvents = YES;
				INFOPLIST_KEY_UILaunchStoryboardName = LaunchScreen;
				INFOPLIST_KEY_UIMainStoryboardFile = Main;
				INFOPLIST_KEY_UISupportedInterfaceOrientations_iPad = "UIInterfaceOrientationPortrait UIInterfaceOrientationPortraitUpsideDown UIInterfaceOrientationLandscapeLeft UIInterfaceOrientationLandscapeRight";
				INFOPLIST_KEY_UISupportedInterfaceOrientations_iPhone = "UIInterfaceOrientationPortrait UIInterfaceOrientationLandscapeLeft UIInterfaceOrientationLandscapeRight";
				LD_RUNPATH_SEARCH_PATHS = (
					"$(inherited)",
					"@executable_path/Frameworks",
				);
				MARKETING_VERSION = 1.0;
				PRODUCT_BUNDLE_IDENTIFIER = com.waheedcodes.WeatherApp;
				PRODUCT_NAME = "$(TARGET_NAME)";
				SWIFT_EMIT_LOC_STRINGS = YES;
				SWIFT_VERSION = 5.0;
				TARGETED_DEVICE_FAMILY = "1,2";
			};
			name = Debug;
		};
		045E84C42B9F0F350050A10A /* Release */ = {
			isa = XCBuildConfiguration;
			buildSettings = {
				ASSETCATALOG_COMPILER_APPICON_NAME = AppIcon;
				ASSETCATALOG_COMPILER_GLOBAL_ACCENT_COLOR_NAME = AccentColor;
				CODE_SIGN_STYLE = Automatic;
				CURRENT_PROJECT_VERSION = 1;
				DEVELOPMENT_TEAM = 6ZPB2R3KP8;
				GENERATE_INFOPLIST_FILE = YES;
				INFOPLIST_FILE = WeatherApp/Info.plist;
				INFOPLIST_KEY_UIApplicationSupportsIndirectInputEvents = YES;
				INFOPLIST_KEY_UILaunchStoryboardName = LaunchScreen;
				INFOPLIST_KEY_UIMainStoryboardFile = Main;
				INFOPLIST_KEY_UISupportedInterfaceOrientations_iPad = "UIInterfaceOrientationPortrait UIInterfaceOrientationPortraitUpsideDown UIInterfaceOrientationLandscapeLeft UIInterfaceOrientationLandscapeRight";
				INFOPLIST_KEY_UISupportedInterfaceOrientations_iPhone = "UIInterfaceOrientationPortrait UIInterfaceOrientationLandscapeLeft UIInterfaceOrientationLandscapeRight";
				LD_RUNPATH_SEARCH_PATHS = (
					"$(inherited)",
					"@executable_path/Frameworks",
				);
				MARKETING_VERSION = 1.0;
				PRODUCT_BUNDLE_IDENTIFIER = com.waheedcodes.WeatherApp;
				PRODUCT_NAME = "$(TARGET_NAME)";
				SWIFT_EMIT_LOC_STRINGS = YES;
				SWIFT_VERSION = 5.0;
				TARGETED_DEVICE_FAMILY = "1,2";
			};
			name = Release;
		};
		045E84C62B9F0F350050A10A /* Debug */ = {
			isa = XCBuildConfiguration;
			buildSettings = {
				ALWAYS_EMBED_SWIFT_STANDARD_LIBRARIES = YES;
				BUNDLE_LOADER = "$(TEST_HOST)";
				CODE_SIGN_STYLE = Automatic;
				CURRENT_PROJECT_VERSION = 1;
				DEVELOPMENT_TEAM = 6ZPB2R3KP8;
				GENERATE_INFOPLIST_FILE = YES;
				IPHONEOS_DEPLOYMENT_TARGET = 17.2;
				MARKETING_VERSION = 1.0;
				PRODUCT_BUNDLE_IDENTIFIER = com.waheedcodes.WeatherAppTests;
				PRODUCT_NAME = "$(TARGET_NAME)";
				SWIFT_EMIT_LOC_STRINGS = NO;
				SWIFT_VERSION = 5.0;
				TARGETED_DEVICE_FAMILY = "1,2";
				TEST_HOST = "$(BUILT_PRODUCTS_DIR)/WeatherApp.app/$(BUNDLE_EXECUTABLE_FOLDER_PATH)/WeatherApp";
			};
			name = Debug;
		};
		045E84C72B9F0F350050A10A /* Release */ = {
			isa = XCBuildConfiguration;
			buildSettings = {
				ALWAYS_EMBED_SWIFT_STANDARD_LIBRARIES = YES;
				BUNDLE_LOADER = "$(TEST_HOST)";
				CODE_SIGN_STYLE = Automatic;
				CURRENT_PROJECT_VERSION = 1;
				DEVELOPMENT_TEAM = 6ZPB2R3KP8;
				GENERATE_INFOPLIST_FILE = YES;
				IPHONEOS_DEPLOYMENT_TARGET = 17.2;
				MARKETING_VERSION = 1.0;
				PRODUCT_BUNDLE_IDENTIFIER = com.waheedcodes.WeatherAppTests;
				PRODUCT_NAME = "$(TARGET_NAME)";
				SWIFT_EMIT_LOC_STRINGS = NO;
				SWIFT_VERSION = 5.0;
				TARGETED_DEVICE_FAMILY = "1,2";
				TEST_HOST = "$(BUILT_PRODUCTS_DIR)/WeatherApp.app/$(BUNDLE_EXECUTABLE_FOLDER_PATH)/WeatherApp";
			};
			name = Release;
		};
/* End XCBuildConfiguration section */

/* Begin XCConfigurationList section */
		045E84932B9F0F2E0050A10A /* Build configuration list for PBXProject "WeatherApp" */ = {
			isa = XCConfigurationList;
			buildConfigurations = (
				045E84C02B9F0F350050A10A /* Debug */,
				045E84C12B9F0F350050A10A /* Release */,
			);
			defaultConfigurationIsVisible = 0;
			defaultConfigurationName = Release;
		};
		045E84C22B9F0F350050A10A /* Build configuration list for PBXNativeTarget "WeatherApp" */ = {
			isa = XCConfigurationList;
			buildConfigurations = (
				045E84C32B9F0F350050A10A /* Debug */,
				045E84C42B9F0F350050A10A /* Release */,
			);
			defaultConfigurationIsVisible = 0;
			defaultConfigurationName = Release;
		};
		045E84C52B9F0F350050A10A /* Build configuration list for PBXNativeTarget "WeatherAppTests" */ = {
			isa = XCConfigurationList;
			buildConfigurations = (
				045E84C62B9F0F350050A10A /* Debug */,
				045E84C72B9F0F350050A10A /* Release */,
			);
			defaultConfigurationIsVisible = 0;
			defaultConfigurationName = Release;
		};
/* End XCConfigurationList section */
	};
	rootObject = 045E84902B9F0F2E0050A10A /* Project object */;
}
